
Microsoft Visual Studio Solution File, Format Version 12.00
# Visual Studio Version 17
VisualStudioVersion = 17.11.35222.181
MinimumVisualStudioVersion = 10.0.40219.1
Project("{2150E333-8FDC-42A3-9474-1A3956D46DE8}") = "src", "src", "{E6C1456B-EF4F-41BE-B1B8-404149C31A6B}"
EndProject
Project("{2150E333-8FDC-42A3-9474-1A3956D46DE8}") = "tests", "tests", "{F7C3A789-FAAA-4D09-AB7D-7A901CAA3A67}"
EndProject
Project("{2150E333-8FDC-42A3-9474-1A3956D46DE8}") = "Core", "Core", "{C75897C3-7929-4AAE-8378-56FBCA8F9BFD}"
EndProject
Project("{2150E333-8FDC-42A3-9474-1A3956D46DE8}") = "Presentation", "Presentation", "{7F2CF018-55E4-4106-A956-41E63C9CB6A9}"
EndProject
Project("{2150E333-8FDC-42A3-9474-1A3956D46DE8}") = "Infraestructure", "Infraestructure", "{C98C0961-0967-4C2B-9CED-EC936FBA348B}"
EndProject
Project("{2150E333-8FDC-42A3-9474-1A3956D46DE8}") = "Shared", "Shared", "{79B0886B-89EA-43CC-8153-C6DADECAF179}"
EndProject
Project("{2150E333-8FDC-42A3-9474-1A3956D46DE8}") = "Infraestructure", "Infraestructure", "{4528F6AE-1FCF-45A1-86B5-D1689989194F}"
EndProject
Project("{2150E333-8FDC-42A3-9474-1A3956D46DE8}") = "ExternalPayment.UnitTests", "ExternalPayment.UnitTests", "{BF063A35-3F40-4E59-B49D-0C00D956A104}"
EndProject
Project("{2150E333-8FDC-42A3-9474-1A3956D46DE8}") = "Repository.UnitTests", "Repository.UnitTests", "{D3D88D75-E359-4161-AEE4-815A7A1708EB}"
EndProject
Project("{2150E333-8FDC-42A3-9474-1A3956D46DE8}") = "Core", "Core", "{5BA118EE-F5E4-43F7-B530-B9C0E90FDAD2}"
EndProject
Project("{2150E333-8FDC-42A3-9474-1A3956D46DE8}") = "Application.Tests", "Application.Tests", "{DC0D606F-3252-41C9-AE7D-7FBD1046A8B9}"
EndProject
Project("{9A19103F-16F7-4668-BE54-9A1E7A4F7556}") = "Domain", "src\Core\Domain\Domain.csproj", "{7346A691-8F81-453D-9279-38201D7AE5ED}"
EndProject
Project("{9A19103F-16F7-4668-BE54-9A1E7A4F7556}") = "Application", "src\Core\Application\Application.csproj", "{CA420794-E9EC-4282-A7B5-6927F668614B}"
EndProject
Project("{9A19103F-16F7-4668-BE54-9A1E7A4F7556}") = "Infraestructure.ExternalPayment", "src\Infraestructure\Infraestructure.Payment\Infraestructure.ExternalPayment.csproj", "{C31D3164-08AD-4080-859D-26C28919D53F}"
EndProject
Project("{9A19103F-16F7-4668-BE54-9A1E7A4F7556}") = "Infraestructure.Repository", "src\Infraestructure\Infraestructure.Repository\Infraestructure.Repository.csproj", "{A802260E-3474-44D6-99D0-CB538FEE54D0}"
EndProject
Project("{9A19103F-16F7-4668-BE54-9A1E7A4F7556}") = "Acme.School.UI", "src\Presentation\Acme.School.UI\Acme.School.UI.csproj", "{C696223F-257C-4205-B863-9C0851636CB9}"
EndProject
Project("{9A19103F-16F7-4668-BE54-9A1E7A4F7556}") = "Shared", "src\Shared\Shared\Shared.csproj", "{18AE2F40-885F-4AB3-870F-E52B29F80106}"
EndProject
Project("{9A19103F-16F7-4668-BE54-9A1E7A4F7556}") = "Shared.Payment", "src\Shared\Shared.Payment\Shared.Payment.csproj", "{1AC940F8-A715-4B03-89CC-159B37E15575}"
EndProject
Project("{9A19103F-16F7-4668-BE54-9A1E7A4F7556}") = "Application.UnitTests", "tests\Core\Application.UnitTests\Application.UnitTests.csproj", "{38D6B252-BC9B-4610-B11E-C4F431F0BDF9}"
EndProject
Project("{9A19103F-16F7-4668-BE54-9A1E7A4F7556}") = "Application.IntegrationTests", "tests\Core\Application.IntegrationTests\Application.IntegrationTests.csproj", "{99AE28FF-624C-49F3-85EB-46F67E65B991}"
EndProject
Project("{9A19103F-16F7-4668-BE54-9A1E7A4F7556}") = "ExternalPayment.UnitTests", "tests\Infraestructure\ExternalPayment.UnitTests\ExternalPayment.UnitTests.csproj", "{59F9738E-56E4-452F-A75B-D5B94EC2206E}"
EndProject
Project("{9A19103F-16F7-4668-BE54-9A1E7A4F7556}") = "Repository.UnitTests", "tests\Infraestructure\Repository.UnitTests\Repository.UnitTests.csproj", "{171673C7-255E-43E7-88B5-AB273606B230}"
EndProject
Global
	GlobalSection(SolutionConfigurationPlatforms) = preSolution
		Debug|Any CPU = Debug|Any CPU
		Release|Any CPU = Release|Any CPU
	EndGlobalSection
	GlobalSection(ProjectConfigurationPlatforms) = postSolution
		{7346A691-8F81-453D-9279-38201D7AE5ED}.Debug|Any CPU.ActiveCfg = Debug|Any CPU
		{7346A691-8F81-453D-9279-38201D7AE5ED}.Debug|Any CPU.Build.0 = Debug|Any CPU
		{7346A691-8F81-453D-9279-38201D7AE5ED}.Release|Any CPU.ActiveCfg = Release|Any CPU
		{7346A691-8F81-453D-9279-38201D7AE5ED}.Release|Any CPU.Build.0 = Release|Any CPU
		{CA420794-E9EC-4282-A7B5-6927F668614B}.Debug|Any CPU.ActiveCfg = Debug|Any CPU
		{CA420794-E9EC-4282-A7B5-6927F668614B}.Debug|Any CPU.Build.0 = Debug|Any CPU
		{CA420794-E9EC-4282-A7B5-6927F668614B}.Release|Any CPU.ActiveCfg = Release|Any CPU
		{CA420794-E9EC-4282-A7B5-6927F668614B}.Release|Any CPU.Build.0 = Release|Any CPU
		{C31D3164-08AD-4080-859D-26C28919D53F}.Debug|Any CPU.ActiveCfg = Debug|Any CPU
		{C31D3164-08AD-4080-859D-26C28919D53F}.Debug|Any CPU.Build.0 = Debug|Any CPU
		{C31D3164-08AD-4080-859D-26C28919D53F}.Release|Any CPU.ActiveCfg = Release|Any CPU
		{C31D3164-08AD-4080-859D-26C28919D53F}.Release|Any CPU.Build.0 = Release|Any CPU
		{A802260E-3474-44D6-99D0-CB538FEE54D0}.Debug|Any CPU.ActiveCfg = Debug|Any CPU
		{A802260E-3474-44D6-99D0-CB538FEE54D0}.Debug|Any CPU.Build.0 = Debug|Any CPU
		{A802260E-3474-44D6-99D0-CB538FEE54D0}.Release|Any CPU.ActiveCfg = Release|Any CPU
		{A802260E-3474-44D6-99D0-CB538FEE54D0}.Release|Any CPU.Build.0 = Release|Any CPU
		{C696223F-257C-4205-B863-9C0851636CB9}.Debug|Any CPU.ActiveCfg = Debug|Any CPU
		{C696223F-257C-4205-B863-9C0851636CB9}.Debug|Any CPU.Build.0 = Debug|Any CPU
		{C696223F-257C-4205-B863-9C0851636CB9}.Release|Any CPU.ActiveCfg = Release|Any CPU
		{C696223F-257C-4205-B863-9C0851636CB9}.Release|Any CPU.Build.0 = Release|Any CPU
		{18AE2F40-885F-4AB3-870F-E52B29F80106}.Debug|Any CPU.ActiveCfg = Debug|Any CPU
		{18AE2F40-885F-4AB3-870F-E52B29F80106}.Debug|Any CPU.Build.0 = Debug|Any CPU
		{18AE2F40-885F-4AB3-870F-E52B29F80106}.Release|Any CPU.ActiveCfg = Release|Any CPU
		{18AE2F40-885F-4AB3-870F-E52B29F80106}.Release|Any CPU.Build.0 = Release|Any CPU
		{1AC940F8-A715-4B03-89CC-159B37E15575}.Debug|Any CPU.ActiveCfg = Debug|Any CPU
		{1AC940F8-A715-4B03-89CC-159B37E15575}.Debug|Any CPU.Build.0 = Debug|Any CPU
		{1AC940F8-A715-4B03-89CC-159B37E15575}.Release|Any CPU.ActiveCfg = Release|Any CPU
		{1AC940F8-A715-4B03-89CC-159B37E15575}.Release|Any CPU.Build.0 = Release|Any CPU
		{38D6B252-BC9B-4610-B11E-C4F431F0BDF9}.Debug|Any CPU.ActiveCfg = Debug|Any CPU
		{38D6B252-BC9B-4610-B11E-C4F431F0BDF9}.Debug|Any CPU.Build.0 = Debug|Any CPU
		{38D6B252-BC9B-4610-B11E-C4F431F0BDF9}.Release|Any CPU.ActiveCfg = Release|Any CPU
		{38D6B252-BC9B-4610-B11E-C4F431F0BDF9}.Release|Any CPU.Build.0 = Release|Any CPU
		{99AE28FF-624C-49F3-85EB-46F67E65B991}.Debug|Any CPU.ActiveCfg = Debug|Any CPU
		{99AE28FF-624C-49F3-85EB-46F67E65B991}.Debug|Any CPU.Build.0 = Debug|Any CPU
		{99AE28FF-624C-49F3-85EB-46F67E65B991}.Release|Any CPU.ActiveCfg = Release|Any CPU
		{99AE28FF-624C-49F3-85EB-46F67E65B991}.Release|Any CPU.Build.0 = Release|Any CPU
		{59F9738E-56E4-452F-A75B-D5B94EC2206E}.Debug|Any CPU.ActiveCfg = Debug|Any CPU
		{59F9738E-56E4-452F-A75B-D5B94EC2206E}.Debug|Any CPU.Build.0 = Debug|Any CPU
		{59F9738E-56E4-452F-A75B-D5B94EC2206E}.Release|Any CPU.ActiveCfg = Release|Any CPU
		{59F9738E-56E4-452F-A75B-D5B94EC2206E}.Release|Any CPU.Build.0 = Release|Any CPU
		{171673C7-255E-43E7-88B5-AB273606B230}.Debug|Any CPU.ActiveCfg = Debug|Any CPU
		{171673C7-255E-43E7-88B5-AB273606B230}.Debug|Any CPU.Build.0 = Debug|Any CPU
		{171673C7-255E-43E7-88B5-AB273606B230}.Release|Any CPU.ActiveCfg = Release|Any CPU
		{171673C7-255E-43E7-88B5-AB273606B230}.Release|Any CPU.Build.0 = Release|Any CPU
	EndGlobalSection
	GlobalSection(SolutionProperties) = preSolution
		HideSolutionNode = FALSE
	EndGlobalSection
	GlobalSection(NestedProjects) = preSolution
		{C75897C3-7929-4AAE-8378-56FBCA8F9BFD} = {E6C1456B-EF4F-41BE-B1B8-404149C31A6B}
		{7F2CF018-55E4-4106-A956-41E63C9CB6A9} = {E6C1456B-EF4F-41BE-B1B8-404149C31A6B}
		{C98C0961-0967-4C2B-9CED-EC936FBA348B} = {E6C1456B-EF4F-41BE-B1B8-404149C31A6B}
		{79B0886B-89EA-43CC-8153-C6DADECAF179} = {E6C1456B-EF4F-41BE-B1B8-404149C31A6B}
		{4528F6AE-1FCF-45A1-86B5-D1689989194F} = {F7C3A789-FAAA-4D09-AB7D-7A901CAA3A67}
		{BF063A35-3F40-4E59-B49D-0C00D956A104} = {4528F6AE-1FCF-45A1-86B5-D1689989194F}
		{D3D88D75-E359-4161-AEE4-815A7A1708EB} = {4528F6AE-1FCF-45A1-86B5-D1689989194F}
		{5BA118EE-F5E4-43F7-B530-B9C0E90FDAD2} = {F7C3A789-FAAA-4D09-AB7D-7A901CAA3A67}
		{DC0D606F-3252-41C9-AE7D-7FBD1046A8B9} = {5BA118EE-F5E4-43F7-B530-B9C0E90FDAD2}
		{7346A691-8F81-453D-9279-38201D7AE5ED} = {C75897C3-7929-4AAE-8378-56FBCA8F9BFD}
		{CA420794-E9EC-4282-A7B5-6927F668614B} = {C75897C3-7929-4AAE-8378-56FBCA8F9BFD}
		{C31D3164-08AD-4080-859D-26C28919D53F} = {C98C0961-0967-4C2B-9CED-EC936FBA348B}
		{A802260E-3474-44D6-99D0-CB538FEE54D0} = {C98C0961-0967-4C2B-9CED-EC936FBA348B}
		{C696223F-257C-4205-B863-9C0851636CB9} = {7F2CF018-55E4-4106-A956-41E63C9CB6A9}
		{18AE2F40-885F-4AB3-870F-E52B29F80106} = {79B0886B-89EA-43CC-8153-C6DADECAF179}
		{1AC940F8-A715-4B03-89CC-159B37E15575} = {79B0886B-89EA-43CC-8153-C6DADECAF179}
		{38D6B252-BC9B-4610-B11E-C4F431F0BDF9} = {DC0D606F-3252-41C9-AE7D-7FBD1046A8B9}
		{99AE28FF-624C-49F3-85EB-46F67E65B991} = {DC0D606F-3252-41C9-AE7D-7FBD1046A8B9}
		{59F9738E-56E4-452F-A75B-D5B94EC2206E} = {BF063A35-3F40-4E59-B49D-0C00D956A104}
		{171673C7-255E-43E7-88B5-AB273606B230} = {D3D88D75-E359-4161-AEE4-815A7A1708EB}
	EndGlobalSection
	GlobalSection(ExtensibilityGlobals) = postSolution
		SolutionGuid = {C7B12677-966C-4673-9DF1-6E6D6E1CB074}
	EndGlobalSection
EndGlobal
